// !$*UTF8*$!
{
	archiveVersion = 1;
	classes = {
	};
	objectVersion = 46;
	objects = {

/* Begin PBXBuildFile section */
		613A2337F0D3C3BFB7D27498 /* libPods.a in Frameworks */ = {isa = PBXBuildFile; fileRef = D3CA5F1E2D1B69FD897B48C5 /* libPods.a */; };
		75198B541A9A4B750099B376 /* main.m in Sources */ = {isa = PBXBuildFile; fileRef = 75198B531A9A4B750099B376 /* main.m */; };
		75198B571A9A4B750099B376 /* AppDelegate.m in Sources */ = {isa = PBXBuildFile; fileRef = 75198B561A9A4B750099B376 /* AppDelegate.m */; };
		75198B5A1A9A4B750099B376 /* ViewController.m in Sources */ = {isa = PBXBuildFile; fileRef = 75198B591A9A4B750099B376 /* ViewController.m */; };
		75198B5D1A9A4B750099B376 /* Main.storyboard in Resources */ = {isa = PBXBuildFile; fileRef = 75198B5B1A9A4B750099B376 /* Main.storyboard */; };
		75198B5F1A9A4B750099B376 /* Images.xcassets in Resources */ = {isa = PBXBuildFile; fileRef = 75198B5E1A9A4B750099B376 /* Images.xcassets */; };
		75198B621A9A4B750099B376 /* LaunchScreen.xib in Resources */ = {isa = PBXBuildFile; fileRef = 75198B601A9A4B750099B376 /* LaunchScreen.xib */; };
		75198B6E1A9A4B750099B376 /* Google1PasswordTests.m in Sources */ = {isa = PBXBuildFile; fileRef = 75198B6D1A9A4B750099B376 /* Google1PasswordTests.m */; };
		7581D5121A9A597E00E9DC7B /* AddressBook.framework in Frameworks */ = {isa = PBXBuildFile; fileRef = 7581D5111A9A597E00E9DC7B /* AddressBook.framework */; };
		7581D5141A9A598400E9DC7B /* AssetsLibrary.framework in Frameworks */ = {isa = PBXBuildFile; fileRef = 7581D5131A9A598400E9DC7B /* AssetsLibrary.framework */; };
		7581D5161A9A598A00E9DC7B /* Foundation.framework in Frameworks */ = {isa = PBXBuildFile; fileRef = 7581D5151A9A598A00E9DC7B /* Foundation.framework */; };
		7581D5181A9A599000E9DC7B /* CoreLocation.framework in Frameworks */ = {isa = PBXBuildFile; fileRef = 7581D5171A9A599000E9DC7B /* CoreLocation.framework */; };
		7581D51A1A9A599600E9DC7B /* CoreMotion.framework in Frameworks */ = {isa = PBXBuildFile; fileRef = 7581D5191A9A599600E9DC7B /* CoreMotion.framework */; };
		7581D51C1A9A599B00E9DC7B /* CoreGraphics.framework in Frameworks */ = {isa = PBXBuildFile; fileRef = 7581D51B1A9A599B00E9DC7B /* CoreGraphics.framework */; };
		7581D51E1A9A59A200E9DC7B /* CoreText.framework in Frameworks */ = {isa = PBXBuildFile; fileRef = 7581D51D1A9A59A200E9DC7B /* CoreText.framework */; };
		7581D5201A9A59A700E9DC7B /* MediaPlayer.framework in Frameworks */ = {isa = PBXBuildFile; fileRef = 7581D51F1A9A59A700E9DC7B /* MediaPlayer.framework */; };
		7581D5221A9A59AD00E9DC7B /* Security.framework in Frameworks */ = {isa = PBXBuildFile; fileRef = 7581D5211A9A59AD00E9DC7B /* Security.framework */; };
		7581D5241A9A59B200E9DC7B /* SystemConfiguration.framework in Frameworks */ = {isa = PBXBuildFile; fileRef = 7581D5231A9A59B200E9DC7B /* SystemConfiguration.framework */; };
		7581D5261A9A59B900E9DC7B /* UIKit.framework in Frameworks */ = {isa = PBXBuildFile; fileRef = 7581D5251A9A59B900E9DC7B /* UIKit.framework */; };
/* End PBXBuildFile section */

/* Begin PBXContainerItemProxy section */
		75198B681A9A4B750099B376 /* PBXContainerItemProxy */ = {
			isa = PBXContainerItemProxy;
			containerPortal = 75198B461A9A4B750099B376 /* Project object */;
			proxyType = 1;
			remoteGlobalIDString = 75198B4D1A9A4B750099B376;
			remoteInfo = Google1Password;
		};
/* End PBXContainerItemProxy section */

/* Begin PBXFileReference section */
		1F047F57AE34ED3F6088158F /* Pods.release.xcconfig */ = {isa = PBXFileReference; includeInIndex = 1; lastKnownFileType = text.xcconfig; name = Pods.release.xcconfig; path = "Pods/Target Support Files/Pods/Pods.release.xcconfig"; sourceTree = "<group>"; };
		75198B4E1A9A4B750099B376 /* Google1Password.app */ = {isa = PBXFileReference; explicitFileType = wrapper.application; includeInIndex = 0; path = Google1Password.app; sourceTree = BUILT_PRODUCTS_DIR; };
		75198B521A9A4B750099B376 /* Info.plist */ = {isa = PBXFileReference; lastKnownFileType = text.plist.xml; path = Info.plist; sourceTree = "<group>"; };
		75198B531A9A4B750099B376 /* main.m */ = {isa = PBXFileReference; lastKnownFileType = sourcecode.c.objc; path = main.m; sourceTree = "<group>"; };
		75198B551A9A4B750099B376 /* AppDelegate.h */ = {isa = PBXFileReference; lastKnownFileType = sourcecode.c.h; path = AppDelegate.h; sourceTree = "<group>"; };
		75198B561A9A4B750099B376 /* AppDelegate.m */ = {isa = PBXFileReference; lastKnownFileType = sourcecode.c.objc; path = AppDelegate.m; sourceTree = "<group>"; };
		75198B581A9A4B750099B376 /* ViewController.h */ = {isa = PBXFileReference; lastKnownFileType = sourcecode.c.h; path = ViewController.h; sourceTree = "<group>"; };
		75198B591A9A4B750099B376 /* ViewController.m */ = {isa = PBXFileReference; lastKnownFileType = sourcecode.c.objc; path = ViewController.m; sourceTree = "<group>"; };
		75198B5C1A9A4B750099B376 /* Base */ = {isa = PBXFileReference; lastKnownFileType = file.storyboard; name = Base; path = Base.lproj/Main.storyboard; sourceTree = "<group>"; };
		75198B5E1A9A4B750099B376 /* Images.xcassets */ = {isa = PBXFileReference; lastKnownFileType = folder.assetcatalog; path = Images.xcassets; sourceTree = "<group>"; };
		75198B611A9A4B750099B376 /* Base */ = {isa = PBXFileReference; lastKnownFileType = file.xib; name = Base; path = Base.lproj/LaunchScreen.xib; sourceTree = "<group>"; };
		75198B671A9A4B750099B376 /* Google1PasswordTests.xctest */ = {isa = PBXFileReference; explicitFileType = wrapper.cfbundle; includeInIndex = 0; path = Google1PasswordTests.xctest; sourceTree = BUILT_PRODUCTS_DIR; };
		75198B6C1A9A4B750099B376 /* Info.plist */ = {isa = PBXFileReference; lastKnownFileType = text.plist.xml; path = Info.plist; sourceTree = "<group>"; };
		75198B6D1A9A4B750099B376 /* Google1PasswordTests.m */ = {isa = PBXFileReference; lastKnownFileType = sourcecode.c.objc; path = Google1PasswordTests.m; sourceTree = "<group>"; };
		7581D5111A9A597E00E9DC7B /* AddressBook.framework */ = {isa = PBXFileReference; lastKnownFileType = wrapper.framework; name = AddressBook.framework; path = System/Library/Frameworks/AddressBook.framework; sourceTree = SDKROOT; };
		7581D5131A9A598400E9DC7B /* AssetsLibrary.framework */ = {isa = PBXFileReference; lastKnownFileType = wrapper.framework; name = AssetsLibrary.framework; path = System/Library/Frameworks/AssetsLibrary.framework; sourceTree = SDKROOT; };
		7581D5151A9A598A00E9DC7B /* Foundation.framework */ = {isa = PBXFileReference; lastKnownFileType = wrapper.framework; name = Foundation.framework; path = System/Library/Frameworks/Foundation.framework; sourceTree = SDKROOT; };
		7581D5171A9A599000E9DC7B /* CoreLocation.framework */ = {isa = PBXFileReference; lastKnownFileType = wrapper.framework; name = CoreLocation.framework; path = System/Library/Frameworks/CoreLocation.framework; sourceTree = SDKROOT; };
		7581D5191A9A599600E9DC7B /* CoreMotion.framework */ = {isa = PBXFileReference; lastKnownFileType = wrapper.framework; name = CoreMotion.framework; path = System/Library/Frameworks/CoreMotion.framework; sourceTree = SDKROOT; };
		7581D51B1A9A599B00E9DC7B /* CoreGraphics.framework */ = {isa = PBXFileReference; lastKnownFileType = wrapper.framework; name = CoreGraphics.framework; path = System/Library/Frameworks/CoreGraphics.framework; sourceTree = SDKROOT; };
		7581D51D1A9A59A200E9DC7B /* CoreText.framework */ = {isa = PBXFileReference; lastKnownFileType = wrapper.framework; name = CoreText.framework; path = System/Library/Frameworks/CoreText.framework; sourceTree = SDKROOT; };
		7581D51F1A9A59A700E9DC7B /* MediaPlayer.framework */ = {isa = PBXFileReference; lastKnownFileType = wrapper.framework; name = MediaPlayer.framework; path = System/Library/Frameworks/MediaPlayer.framework; sourceTree = SDKROOT; };
		7581D5211A9A59AD00E9DC7B /* Security.framework */ = {isa = PBXFileReference; lastKnownFileType = wrapper.framework; name = Security.framework; path = System/Library/Frameworks/Security.framework; sourceTree = SDKROOT; };
		7581D5231A9A59B200E9DC7B /* SystemConfiguration.framework */ = {isa = PBXFileReference; lastKnownFileType = wrapper.framework; name = SystemConfiguration.framework; path = System/Library/Frameworks/SystemConfiguration.framework; sourceTree = SDKROOT; };
		7581D5251A9A59B900E9DC7B /* UIKit.framework */ = {isa = PBXFileReference; lastKnownFileType = wrapper.framework; name = UIKit.framework; path = System/Library/Frameworks/UIKit.framework; sourceTree = SDKROOT; };
		9109A2A77E8D5FD068A237C2 /* Pods.debug.xcconfig */ = {isa = PBXFileReference; includeInIndex = 1; lastKnownFileType = text.xcconfig; name = Pods.debug.xcconfig; path = "Pods/Target Support Files/Pods/Pods.debug.xcconfig"; sourceTree = "<group>"; };
		D3CA5F1E2D1B69FD897B48C5 /* libPods.a */ = {isa = PBXFileReference; explicitFileType = archive.ar; includeInIndex = 0; path = libPods.a; sourceTree = BUILT_PRODUCTS_DIR; };
/* End PBXFileReference section */

/* Begin PBXFrameworksBuildPhase section */
		75198B4B1A9A4B750099B376 /* Frameworks */ = {
			isa = PBXFrameworksBuildPhase;
			buildActionMask = 2147483647;
			files = (
				7581D5261A9A59B900E9DC7B /* UIKit.framework in Frameworks */,
				7581D5241A9A59B200E9DC7B /* SystemConfiguration.framework in Frameworks */,
				7581D5221A9A59AD00E9DC7B /* Security.framework in Frameworks */,
				7581D5201A9A59A700E9DC7B /* MediaPlayer.framework in Frameworks */,
				7581D51E1A9A59A200E9DC7B /* CoreText.framework in Frameworks */,
				7581D51C1A9A599B00E9DC7B /* CoreGraphics.framework in Frameworks */,
				7581D51A1A9A599600E9DC7B /* CoreMotion.framework in Frameworks */,
				7581D5181A9A599000E9DC7B /* CoreLocation.framework in Frameworks */,
				7581D5161A9A598A00E9DC7B /* Foundation.framework in Frameworks */,
				7581D5141A9A598400E9DC7B /* AssetsLibrary.framework in Frameworks */,
				7581D5121A9A597E00E9DC7B /* AddressBook.framework in Frameworks */,
				613A2337F0D3C3BFB7D27498 /* libPods.a in Frameworks */,
			);
			runOnlyForDeploymentPostprocessing = 0;
		};
		75198B641A9A4B750099B376 /* Frameworks */ = {
			isa = PBXFrameworksBuildPhase;
			buildActionMask = 2147483647;
			files = (
			);
			runOnlyForDeploymentPostprocessing = 0;
		};
/* End PBXFrameworksBuildPhase section */

/* Begin PBXGroup section */
		75198B451A9A4B750099B376 = {
			isa = PBXGroup;
			children = (
				75198B501A9A4B750099B376 /* Google1Password */,
				75198B6A1A9A4B750099B376 /* Google1PasswordTests */,
				75198B4F1A9A4B750099B376 /* Products */,
				9DA025EB3FDE8EA3A9A70FEC /* Pods */,
				F2A1D77EB19C56D2A51972FE /* Frameworks */,
			);
			sourceTree = "<group>";
		};
		75198B4F1A9A4B750099B376 /* Products */ = {
			isa = PBXGroup;
			children = (
				75198B4E1A9A4B750099B376 /* Google1Password.app */,
				75198B671A9A4B750099B376 /* Google1PasswordTests.xctest */,
			);
			name = Products;
			sourceTree = "<group>";
		};
		75198B501A9A4B750099B376 /* Google1Password */ = {
			isa = PBXGroup;
			children = (
				75198B551A9A4B750099B376 /* AppDelegate.h */,
				75198B561A9A4B750099B376 /* AppDelegate.m */,
				75198B581A9A4B750099B376 /* ViewController.h */,
				75198B591A9A4B750099B376 /* ViewController.m */,
				75198B5B1A9A4B750099B376 /* Main.storyboard */,
				75198B5E1A9A4B750099B376 /* Images.xcassets */,
				75198B601A9A4B750099B376 /* LaunchScreen.xib */,
				75198B511A9A4B750099B376 /* Supporting Files */,
			);
			path = Google1Password;
			sourceTree = "<group>";
		};
		75198B511A9A4B750099B376 /* Supporting Files */ = {
			isa = PBXGroup;
			children = (
				75198B521A9A4B750099B376 /* Info.plist */,
				75198B531A9A4B750099B376 /* main.m */,
			);
			name = "Supporting Files";
			sourceTree = "<group>";
		};
		75198B6A1A9A4B750099B376 /* Google1PasswordTests */ = {
			isa = PBXGroup;
			children = (
				75198B6D1A9A4B750099B376 /* Google1PasswordTests.m */,
				75198B6B1A9A4B750099B376 /* Supporting Files */,
			);
			path = Google1PasswordTests;
			sourceTree = "<group>";
		};
		75198B6B1A9A4B750099B376 /* Supporting Files */ = {
			isa = PBXGroup;
			children = (
				75198B6C1A9A4B750099B376 /* Info.plist */,
			);
			name = "Supporting Files";
			sourceTree = "<group>";
		};
		9DA025EB3FDE8EA3A9A70FEC /* Pods */ = {
			isa = PBXGroup;
			children = (
				9109A2A77E8D5FD068A237C2 /* Pods.debug.xcconfig */,
				1F047F57AE34ED3F6088158F /* Pods.release.xcconfig */,
			);
			name = Pods;
			sourceTree = "<group>";
		};
		F2A1D77EB19C56D2A51972FE /* Frameworks */ = {
			isa = PBXGroup;
			children = (
				7581D5251A9A59B900E9DC7B /* UIKit.framework */,
				7581D5231A9A59B200E9DC7B /* SystemConfiguration.framework */,
				7581D5211A9A59AD00E9DC7B /* Security.framework */,
				7581D51F1A9A59A700E9DC7B /* MediaPlayer.framework */,
				7581D51D1A9A59A200E9DC7B /* CoreText.framework */,
				7581D51B1A9A599B00E9DC7B /* CoreGraphics.framework */,
				7581D5191A9A599600E9DC7B /* CoreMotion.framework */,
				7581D5171A9A599000E9DC7B /* CoreLocation.framework */,
				7581D5151A9A598A00E9DC7B /* Foundation.framework */,
				7581D5131A9A598400E9DC7B /* AssetsLibrary.framework */,
				7581D5111A9A597E00E9DC7B /* AddressBook.framework */,
				D3CA5F1E2D1B69FD897B48C5 /* libPods.a */,
			);
			name = Frameworks;
			sourceTree = "<group>";
		};
/* End PBXGroup section */

/* Begin PBXNativeTarget section */
		75198B4D1A9A4B750099B376 /* Google1Password */ = {
			isa = PBXNativeTarget;
			buildConfigurationList = 75198B711A9A4B750099B376 /* Build configuration list for PBXNativeTarget "Google1Password" */;
			buildPhases = (
				FC038B3917D56430B9E70A03 /* Check Pods Manifest.lock */,
				75198B4A1A9A4B750099B376 /* Sources */,
				75198B4B1A9A4B750099B376 /* Frameworks */,
				75198B4C1A9A4B750099B376 /* Resources */,
				BDC49B83B361D4453770E19E /* Copy Pods Resources */,
			);
			buildRules = (
			);
			dependencies = (
			);
			name = Google1Password;
			productName = Google1Password;
			productReference = 75198B4E1A9A4B750099B376 /* Google1Password.app */;
			productType = "com.apple.product-type.application";
		};
		75198B661A9A4B750099B376 /* Google1PasswordTests */ = {
			isa = PBXNativeTarget;
			buildConfigurationList = 75198B741A9A4B750099B376 /* Build configuration list for PBXNativeTarget "Google1PasswordTests" */;
			buildPhases = (
				75198B631A9A4B750099B376 /* Sources */,
				75198B641A9A4B750099B376 /* Frameworks */,
				75198B651A9A4B750099B376 /* Resources */,
			);
			buildRules = (
			);
			dependencies = (
				75198B691A9A4B750099B376 /* PBXTargetDependency */,
			);
			name = Google1PasswordTests;
			productName = Google1PasswordTests;
			productReference = 75198B671A9A4B750099B376 /* Google1PasswordTests.xctest */;
			productType = "com.apple.product-type.bundle.unit-test";
		};
/* End PBXNativeTarget section */

/* Begin PBXProject section */
		75198B461A9A4B750099B376 /* Project object */ = {
			isa = PBXProject;
			attributes = {
				LastUpgradeCheck = 0610;
				ORGANIZATIONNAME = "Marcin Krzyżanowski";
				TargetAttributes = {
					75198B4D1A9A4B750099B376 = {
						CreatedOnToolsVersion = 6.1.1;
					};
					75198B661A9A4B750099B376 = {
						CreatedOnToolsVersion = 6.1.1;
						TestTargetID = 75198B4D1A9A4B750099B376;
					};
				};
			};
			buildConfigurationList = 75198B491A9A4B750099B376 /* Build configuration list for PBXProject "Google1Password" */;
			compatibilityVersion = "Xcode 3.2";
			developmentRegion = English;
			hasScannedForEncodings = 0;
			knownRegions = (
				en,
				Base,
			);
			mainGroup = 75198B451A9A4B750099B376;
			productRefGroup = 75198B4F1A9A4B750099B376 /* Products */;
			projectDirPath = "";
			projectRoot = "";
			targets = (
				75198B4D1A9A4B750099B376 /* Google1Password */,
				75198B661A9A4B750099B376 /* Google1PasswordTests */,
			);
		};
/* End PBXProject section */

/* Begin PBXResourcesBuildPhase section */
		75198B4C1A9A4B750099B376 /* Resources */ = {
			isa = PBXResourcesBuildPhase;
			buildActionMask = 2147483647;
			files = (
				75198B5D1A9A4B750099B376 /* Main.storyboard in Resources */,
				75198B621A9A4B750099B376 /* LaunchScreen.xib in Resources */,
				75198B5F1A9A4B750099B376 /* Images.xcassets in Resources */,
			);
			runOnlyForDeploymentPostprocessing = 0;
		};
		75198B651A9A4B750099B376 /* Resources */ = {
			isa = PBXResourcesBuildPhase;
			buildActionMask = 2147483647;
			files = (
			);
			runOnlyForDeploymentPostprocessing = 0;
		};
/* End PBXResourcesBuildPhase section */

/* Begin PBXShellScriptBuildPhase section */
		BDC49B83B361D4453770E19E /* Copy Pods Resources */ = {
			isa = PBXShellScriptBuildPhase;
			buildActionMask = 2147483647;
			files = (
			);
			inputPaths = (
			);
			name = "Copy Pods Resources";
			outputPaths = (
			);
			runOnlyForDeploymentPostprocessing = 0;
			shellPath = /bin/sh;
			shellScript = "\"${SRCROOT}/Pods/Target Support Files/Pods/Pods-resources.sh\"\n";
			showEnvVarsInLog = 0;
		};
		FC038B3917D56430B9E70A03 /* Check Pods Manifest.lock */ = {
			isa = PBXShellScriptBuildPhase;
			buildActionMask = 2147483647;
			files = (
			);
			inputPaths = (
			);
			name = "Check Pods Manifest.lock";
			outputPaths = (
			);
			runOnlyForDeploymentPostprocessing = 0;
			shellPath = /bin/sh;
			shellScript = "diff \"${PODS_ROOT}/../Podfile.lock\" \"${PODS_ROOT}/Manifest.lock\" > /dev/null\nif [[ $? != 0 ]] ; then\n    cat << EOM\nerror: The sandbox is not in sync with the Podfile.lock. Run 'pod install' or update your CocoaPods installation.\nEOM\n    exit 1\nfi\n";
			showEnvVarsInLog = 0;
		};
/* End PBXShellScriptBuildPhase section */

/* Begin PBXSourcesBuildPhase section */
		75198B4A1A9A4B750099B376 /* Sources */ = {
			isa = PBXSourcesBuildPhase;
			buildActionMask = 2147483647;
			files = (
				75198B5A1A9A4B750099B376 /* ViewController.m in Sources */,
				75198B571A9A4B750099B376 /* AppDelegate.m in Sources */,
				75198B541A9A4B750099B376 /* main.m in Sources */,
			);
			runOnlyForDeploymentPostprocessing = 0;
		};
		75198B631A9A4B750099B376 /* Sources */ = {
			isa = PBXSourcesBuildPhase;
			buildActionMask = 2147483647;
			files = (
				75198B6E1A9A4B750099B376 /* Google1PasswordTests.m in Sources */,
			);
			runOnlyForDeploymentPostprocessing = 0;
		};
/* End PBXSourcesBuildPhase section */

/* Begin PBXTargetDependency section */
		75198B691A9A4B750099B376 /* PBXTargetDependency */ = {
			isa = PBXTargetDependency;
			target = 75198B4D1A9A4B750099B376 /* Google1Password */;
			targetProxy = 75198B681A9A4B750099B376 /* PBXContainerItemProxy */;
		};
/* End PBXTargetDependency section */

/* Begin PBXVariantGroup section */
		75198B5B1A9A4B750099B376 /* Main.storyboard */ = {
			isa = PBXVariantGroup;
			children = (
				75198B5C1A9A4B750099B376 /* Base */,
			);
			name = Main.storyboard;
			sourceTree = "<group>";
		};
		75198B601A9A4B750099B376 /* LaunchScreen.xib */ = {
			isa = PBXVariantGroup;
			children = (
				75198B611A9A4B750099B376 /* Base */,
			);
			name = LaunchScreen.xib;
			sourceTree = "<group>";
		};
/* End PBXVariantGroup section */

/* Begin XCBuildConfiguration section */
		75198B6F1A9A4B750099B376 /* Debug */ = {
			isa = XCBuildConfiguration;
			buildSettings = {
				ALWAYS_SEARCH_USER_PATHS = NO;
				CLANG_CXX_LANGUAGE_STANDARD = "gnu++0x";
				CLANG_CXX_LIBRARY = "libc++";
				CLANG_ENABLE_MODULES = YES;
				CLANG_ENABLE_OBJC_ARC = YES;
				CLANG_WARN_BOOL_CONVERSION = YES;
				CLANG_WARN_CONSTANT_CONVERSION = YES;
				CLANG_WARN_DIRECT_OBJC_ISA_USAGE = YES_ERROR;
				CLANG_WARN_EMPTY_BODY = YES;
				CLANG_WARN_ENUM_CONVERSION = YES;
				CLANG_WARN_INT_CONVERSION = YES;
				CLANG_WARN_OBJC_ROOT_CLASS = YES_ERROR;
				CLANG_WARN_UNREACHABLE_CODE = YES;
				CLANG_WARN__DUPLICATE_METHOD_MATCH = YES;
				"CODE_SIGN_IDENTITY[sdk=iphoneos*]" = "iPhone Developer";
				COPY_PHASE_STRIP = NO;
				ENABLE_STRICT_OBJC_MSGSEND = YES;
				GCC_C_LANGUAGE_STANDARD = gnu99;
				GCC_DYNAMIC_NO_PIC = NO;
				GCC_OPTIMIZATION_LEVEL = 0;
				GCC_PREPROCESSOR_DEFINITIONS = (
					"DEBUG=1",
					"$(inherited)",
				);
				GCC_SYMBOLS_PRIVATE_EXTERN = NO;
				GCC_WARN_64_TO_32_BIT_CONVERSION = YES;
				GCC_WARN_ABOUT_RETURN_TYPE = YES_ERROR;
				GCC_WARN_UNDECLARED_SELECTOR = YES;
				GCC_WARN_UNINITIALIZED_AUTOS = YES_AGGRESSIVE;
				GCC_WARN_UNUSED_FUNCTION = YES;
				GCC_WARN_UNUSED_VARIABLE = YES;
				IPHONEOS_DEPLOYMENT_TARGET = 8.1;
				MTL_ENABLE_DEBUG_INFO = YES;
				ONLY_ACTIVE_ARCH = YES;
				SDKROOT = iphoneos;
			};
			name = Debug;
		};
		75198B701A9A4B750099B376 /* Release */ = {
			isa = XCBuildConfiguration;
			buildSettings = {
				ALWAYS_SEARCH_USER_PATHS = NO;
				CLANG_CXX_LANGUAGE_STANDARD = "gnu++0x";
				CLANG_CXX_LIBRARY = "libc++";
				CLANG_ENABLE_MODULES = YES;
				CLANG_ENABLE_OBJC_ARC = YES;
				CLANG_WARN_BOOL_CONVERSION = YES;
				CLANG_WARN_CONSTANT_CONVERSION = YES;
				CLANG_WARN_DIRECT_OBJC_ISA_USAGE = YES_ERROR;
				CLANG_WARN_EMPTY_BODY = YES;
				CLANG_WARN_ENUM_CONVERSION = YES;
				CLANG_WARN_INT_CONVERSION = YES;
				CLANG_WARN_OBJC_ROOT_CLASS = YES_ERROR;
				CLANG_WARN_UNREACHABLE_CODE = YES;
				CLANG_WARN__DUPLICATE_METHOD_MATCH = YES;
				"CODE_SIGN_IDENTITY[sdk=iphoneos*]" = "iPhone Developer";
				COPY_PHASE_STRIP = YES;
				ENABLE_NS_ASSERTIONS = NO;
				ENABLE_STRICT_OBJC_MSGSEND = YES;
				GCC_C_LANGUAGE_STANDARD = gnu99;
				GCC_WARN_64_TO_32_BIT_CONVERSION = YES;
				GCC_WARN_ABOUT_RETURN_TYPE = YES_ERROR;
				GCC_WARN_UNDECLARED_SELECTOR = YES;
				GCC_WARN_UNINITIALIZED_AUTOS = YES_AGGRESSIVE;
				GCC_WARN_UNUSED_FUNCTION = YES;
				GCC_WARN_UNUSED_VARIABLE = YES;
				IPHONEOS_DEPLOYMENT_TARGET = 8.1;
				MTL_ENABLE_DEBUG_INFO = NO;
				SDKROOT = iphoneos;
				VALIDATE_PRODUCT = YES;
			};
			name = Release;
		};
		75198B721A9A4B750099B376 /* Debug */ = {
			isa = XCBuildConfiguration;
			baseConfigurationReference = 9109A2A77E8D5FD068A237C2 /* Pods.debug.xcconfig */;
			buildSettings = {
				ASSETCATALOG_COMPILER_APPICON_NAME = AppIcon;
				FRAMEWORK_SEARCH_PATHS = (
					"$(inherited)",
					"$(PROJECT_DIR)/Google1Password",
				);
				INFOPLIST_FILE = Google1Password/Info.plist;
				LD_RUNPATH_SEARCH_PATHS = "$(inherited) @executable_path/Frameworks";
				PRODUCT_NAME = "$(TARGET_NAME)";
			};
			name = Debug;
		};
		75198B731A9A4B750099B376 /* Release */ = {
			isa = XCBuildConfiguration;
			baseConfigurationReference = 1F047F57AE34ED3F6088158F /* Pods.release.xcconfig */;
			buildSettings = {
				ASSETCATALOG_COMPILER_APPICON_NAME = AppIcon;
				FRAMEWORK_SEARCH_PATHS = (
					"$(inherited)",
					"$(PROJECT_DIR)/Google1Password",
				);
				INFOPLIST_FILE = Google1Password/Info.plist;
				LD_RUNPATH_SEARCH_PATHS = "$(inherited) @executable_path/Frameworks";
				PRODUCT_NAME = "$(TARGET_NAME)";
			};
			name = Release;
		};
		75198B751A9A4B750099B376 /* Debug */ = {
			isa = XCBuildConfiguration;
			buildSettings = {
				BUNDLE_LOADER = "$(TEST_HOST)";
				FRAMEWORK_SEARCH_PATHS = (
					"$(SDKROOT)/Developer/Library/Frameworks",
					"$(inherited)",
				);
				GCC_PREPROCESSOR_DEFINITIONS = (
					"DEBUG=1",
					"$(inherited)",
				);
				INFOPLIST_FILE = Google1PasswordTests/Info.plist;
				LD_RUNPATH_SEARCH_PATHS = "$(inherited) @executable_path/Frameworks @loader_path/Frameworks";
				PRODUCT_NAME = "$(TARGET_NAME)";
				TEST_HOST = "$(BUILT_PRODUCTS_DIR)/Google1Password.app/Google1Password";
			};
			name = Debug;
		};
		75198B761A9A4B750099B376 /* Release */ = {
			isa = XCBuildConfiguration;
			buildSettings = {
				BUNDLE_LOADER = "$(TEST_HOST)";
				FRAMEWORK_SEARCH_PATHS = (
					"$(SDKROOT)/Developer/Library/Frameworks",
					"$(inherited)",
				);
				INFOPLIST_FILE = Google1PasswordTests/Info.plist;
				LD_RUNPATH_SEARCH_PATHS = "$(inherited) @executable_path/Frameworks @loader_path/Frameworks";
				PRODUCT_NAME = "$(TARGET_NAME)";
				TEST_HOST = "$(BUILT_PRODUCTS_DIR)/Google1Password.app/Google1Password";
			};
			name = Release;
		};
/* End XCBuildConfiguration section */

/* Begin XCConfigurationList section */
		75198B491A9A4B750099B376 /* Build configuration list for PBXProject "Google1Password" */ = {
			isa = XCConfigurationList;
			buildConfigurations = (
				75198B6F1A9A4B750099B376 /* Debug */,
				75198B701A9A4B750099B376 /* Release */,
			);
			defaultConfigurationIsVisible = 0;
			defaultConfigurationName = Release;
		};
		75198B711A9A4B750099B376 /* Build configuration list for PBXNativeTarget "Google1Password" */ = {
			isa = XCConfigurationList;
			buildConfigurations = (
				75198B721A9A4B750099B376 /* Debug */,
				75198B731A9A4B750099B376 /* Release */,
			);
			defaultConfigurationIsVisible = 0;
			defaultConfigurationName = Release;
		};
		75198B741A9A4B750099B376 /* Build configuration list for PBXNativeTarget "Google1PasswordTests" */ = {
			isa = XCConfigurationList;
			buildConfigurations = (
				75198B751A9A4B750099B376 /* Debug */,
				75198B761A9A4B750099B376 /* Release */,
			);
			defaultConfigurationIsVisible = 0;
			defaultConfigurationName = Release;
		};
/* End XCConfigurationList section */
	};
	rootObject = 75198B461A9A4B750099B376 /* Project object */;
}
